
Microsoft Visual Studio Solution File, Format Version 12.00
# Visual Studio Version 17
VisualStudioVersion = 17.11.35219.272
MinimumVisualStudioVersion = 10.0.40219.1
Project("{FAE04EC0-301F-11D3-BF4B-00C04F79EFBC}") = "LINQ 04 Durchschnitt von Kategorien", "LINQ 04 Durchschnitt von Kategorien.csproj", "{C5E8A45D-2CE1-4528-A7EA-1404BD2B0092}"
EndProject
Global
	GlobalSection(SolutionConfigurationPlatforms) = preSolution
		Debug|Any CPU = Debug|Any CPU
		Release|Any CPU = Release|Any CPU
	EndGlobalSection
	GlobalSection(ProjectConfigurationPlatforms) = postSolution
		{C5E8A45D-2CE1-4528-A7EA-1404BD2B0092}.Debug|Any CPU.ActiveCfg = Debug|Any CPU
		{C5E8A45D-2CE1-4528-A7EA-1404BD2B0092}.Debug|Any CPU.Build.0 = Debug|Any CPU
		{C5E8A45D-2CE1-4528-A7EA-1404BD2B0092}.Release|Any CPU.ActiveCfg = Release|Any CPU
		{C5E8A45D-2CE1-4528-A7EA-1404BD2B0092}.Release|Any CPU.Build.0 = Release|Any CPU
	EndGlobalSection
	GlobalSection(SolutionProperties) = preSolution
		HideSolutionNode = FALSE
	EndGlobalSection
	GlobalSection(ExtensibilityGlobals) = postSolution
		SolutionGuid = {54C60A5A-F108-4175-8B7F-61790BE0534D}
	EndGlobalSection
EndGlobal
